{
  "version": 4,
  "terraform_version": "1.9.5",
  "serial": 75,
  "lineage": "e123e961-5b1c-d1b7-f796-d121382d70d5",
  "outputs": {},
  "resources": [
    {
      "mode": "managed",
      "type": "google_compute_firewall",
      "name": "allow_http",
      "provider": "provider[\"registry.terraform.io/hashicorp/google\"]",
      "instances": [
        {
          "schema_version": 1,
          "attributes": {
            "allow": [
              {
                "ports": [
                  "22",
                  "80"
                ],
                "protocol": "tcp"
              }
            ],
            "creation_timestamp": "2024-10-03T08:49:19.686-07:00",
            "deny": [],
            "description": "",
            "destination_ranges": [],
            "direction": "INGRESS",
            "disabled": false,
            "enable_logging": null,
            "id": "projects/552704724947/global/firewalls/allow-http",
            "log_config": [],
            "name": "allow-http",
            "network": "https://www.googleapis.com/compute/v1/projects/nifty-inn-432723-g9/global/networks/default",
            "priority": 1000,
            "project": "552704724947",
            "self_link": "https://www.googleapis.com/compute/v1/projects/nifty-inn-432723-g9/global/firewalls/allow-http",
            "source_ranges": [
              "0.0.0.0/0"
            ],
            "source_service_accounts": null,
            "source_tags": null,
            "target_service_accounts": null,
            "target_tags": [
              "swarm-node"
            ],
            "timeouts": null
          },
          "sensitive_attributes": [],
          "private": "eyJlMmJmYjczMC1lY2FhLTExZTYtOGY4OC0zNDM2M2JjN2M0YzAiOnsiY3JlYXRlIjoxMjAwMDAwMDAwMDAwLCJkZWxldGUiOjEyMDAwMDAwMDAwMDAsInVwZGF0ZSI6MTIwMDAwMDAwMDAwMH0sInNjaGVtYV92ZXJzaW9uIjoiMSJ9"
        }
      ]
    },
    {
      "mode": "managed",
      "type": "google_service_account",
      "name": "app_instance",
      "provider": "provider[\"registry.terraform.io/hashicorp/google\"]",
      "instances": [
        {
          "schema_version": 0,
          "attributes": {
            "account_id": "swarm-service-account",
            "create_ignore_already_exists": null,
            "description": "",
            "disabled": false,
            "display_name": "Service Account for Swarm",
            "email": "swarm-service-account@552704724947.iam.gserviceaccount.com",
            "id": "projects/nifty-inn-432723-g9/serviceAccounts/swarm-service-account@552704724947.iam.gserviceaccount.com",
            "member": "serviceAccount:swarm-service-account@552704724947.iam.gserviceaccount.com",
            "name": "projects/nifty-inn-432723-g9/serviceAccounts/swarm-service-account@552704724947.iam.gserviceaccount.com",
            "project": "nifty-inn-432723-g9",
            "timeouts": null,
            "unique_id": "103431265584637217147"
          },
          "sensitive_attributes": [],
          "private": "eyJlMmJmYjczMC1lY2FhLTExZTYtOGY4OC0zNDM2M2JjN2M0YzAiOnsiY3JlYXRlIjozMDAwMDAwMDAwMDB9fQ=="
        }
      ]
    }
  ],
  "check_results": null
}
