{
  "version": 4,
  "terraform_version": "1.9.5",
  "serial": 63,
  "lineage": "e123e961-5b1c-d1b7-f796-d121382d70d5",
  "outputs": {
    "instance_ip": {
      "value": {
        "swarm-node-0": "35.194.61.153",
        "swarm-node-1": "34.41.88.174",
        "swarm-node-2": "34.133.151.186"
      },
      "type": [
        "object",
        {
          "swarm-node-0": "string",
          "swarm-node-1": "string",
          "swarm-node-2": "string"
        }
      ]
    }
  },
  "resources": [
    {
      "mode": "managed",
      "type": "google_compute_firewall",
      "name": "allow_http",
      "provider": "provider[\"registry.terraform.io/hashicorp/google\"]",
      "instances": [
        {
          "schema_version": 1,
          "attributes": {
            "allow": [
              {
                "ports": [
                  "22",
                  "80"
                ],
                "protocol": "tcp"
              }
            ],
            "creation_timestamp": "2024-09-30T09:19:50.223-07:00",
            "deny": [],
            "description": "",
            "destination_ranges": [],
            "direction": "INGRESS",
            "disabled": false,
            "enable_logging": null,
            "id": "projects/552704724947/global/firewalls/allow-http",
            "log_config": [],
            "name": "allow-http",
            "network": "https://www.googleapis.com/compute/v1/projects/nifty-inn-432723-g9/global/networks/default",
            "priority": 1000,
            "project": "552704724947",
            "self_link": "https://www.googleapis.com/compute/v1/projects/nifty-inn-432723-g9/global/firewalls/allow-http",
            "source_ranges": [
              "0.0.0.0/0"
            ],
            "source_service_accounts": null,
            "source_tags": null,
            "target_service_accounts": null,
            "target_tags": [
              "swarm-node"
            ],
            "timeouts": null
          },
          "sensitive_attributes": [],
          "private": "eyJlMmJmYjczMC1lY2FhLTExZTYtOGY4OC0zNDM2M2JjN2M0YzAiOnsiY3JlYXRlIjoxMjAwMDAwMDAwMDAwLCJkZWxldGUiOjEyMDAwMDAwMDAwMDAsInVwZGF0ZSI6MTIwMDAwMDAwMDAwMH0sInNjaGVtYV92ZXJzaW9uIjoiMSJ9"
        }
      ]
    },
    {
      "mode": "managed",
      "type": "google_compute_instance",
      "name": "app_instance",
      "provider": "provider[\"registry.terraform.io/hashicorp/google\"]",
      "instances": [
        {
          "index_key": 0,
          "schema_version": 6,
          "attributes": {
            "advanced_machine_features": [],
            "allow_stopping_for_update": null,
            "attached_disk": [],
            "boot_disk": [
              {
                "auto_delete": true,
                "device_name": "persistent-disk-0",
                "disk_encryption_key_raw": "",
                "disk_encryption_key_sha256": "",
                "initialize_params": [
                  {
                    "enable_confidential_compute": false,
                    "image": "https://www.googleapis.com/compute/v1/projects/ubuntu-os-cloud/global/images/ubuntu-2204-jammy-v20240904",
                    "labels": {},
                    "provisioned_iops": 0,
                    "provisioned_throughput": 0,
                    "resource_manager_tags": null,
                    "resource_policies": null,
                    "size": 10,
                    "storage_pool": "",
                    "type": "pd-standard"
                  }
                ],
                "interface": "",
                "kms_key_self_link": "",
                "mode": "READ_WRITE",
                "source": "https://www.googleapis.com/compute/v1/projects/nifty-inn-432723-g9/zones/us-central1-a/disks/swarm-node-0"
              }
            ],
            "can_ip_forward": false,
            "confidential_instance_config": [],
            "cpu_platform": "AMD Rome",
            "current_status": "RUNNING",
            "deletion_protection": false,
            "description": "",
            "desired_status": null,
            "effective_labels": {
              "goog-terraform-provisioned": "true"
            },
            "enable_display": false,
            "guest_accelerator": [],
            "hostname": "",
            "id": "projects/552704724947/zones/us-central1-a/instances/swarm-node-0",
            "instance_id": "1362111982955098438",
            "label_fingerprint": "vezUS-42LLM=",
            "labels": null,
            "machine_type": "e2-standard-2",
            "metadata": {
              "ssh-keys": "ansible:ssh-rsa AAAAB3NzaC1yc2EAAAADAQABAAABgQD5J4hFS0dtzpzloqFKm8J/ORqKt95uvmgeyfX7h/jp93WCmGEus+M2vSxspfhyD/ac5arn/6ccHBroNGPoFKMlV4k4K9CEaqmyno2zf076c0UfEUYz72+dudCUd8tyGDHLlAqBAVvNPfHEBBG/ahMGnv501zX+WtjQ+o4hwwhUj+PpMZwBYJmwQNokVZk/0I/2Gq1pT+6i9UBCg87BME/m5gzJpOW1pmAMpqi1te2nE34oHL7Wrwb3jF0dZtnWgD2D7kxONnWRaNZ5iOeEXlcHEkHFme33dfvdhZbcp4ZhGRAkU9zHq/pjsoXanrnDIf5cLaDi5SbU3A3LpLdIeAnfELPNUf2kmhwD4bkC6GW5jlvdTbvhX5GARLAcRyAJdPieVVldnBSWw5l33XCoOd4RFMAXRvYGbMgvucaM+3i6Pu69C5H7Tmuo90C0UWNhAn82I0ShMBAPvmKS/bNgWjS7cluuxHwPqpfm8i2NGHceMmdX5EuBH9jPFTWAuU12X4c= marjangoisan@gmail.com\n"
            },
            "metadata_fingerprint": "h8fsD09AAsE=",
            "metadata_startup_script": null,
            "min_cpu_platform": "",
            "name": "swarm-node-0",
            "network_interface": [
              {
                "access_config": [
                  {
                    "nat_ip": "35.194.61.153",
                    "network_tier": "PREMIUM",
                    "public_ptr_domain_name": ""
                  }
                ],
                "alias_ip_range": [],
                "internal_ipv6_prefix_length": 0,
                "ipv6_access_config": [],
                "ipv6_access_type": "",
                "ipv6_address": "",
                "name": "nic0",
                "network": "https://www.googleapis.com/compute/v1/projects/nifty-inn-432723-g9/global/networks/default",
                "network_ip": "10.128.15.214",
                "nic_type": "",
                "queue_count": 0,
                "stack_type": "IPV4_ONLY",
                "subnetwork": "https://www.googleapis.com/compute/v1/projects/nifty-inn-432723-g9/regions/us-central1/subnetworks/default",
                "subnetwork_project": "nifty-inn-432723-g9"
              }
            ],
            "network_performance_config": [],
            "params": [],
            "project": "552704724947",
            "reservation_affinity": [],
            "resource_policies": null,
            "scheduling": [
              {
                "automatic_restart": true,
                "instance_termination_action": "",
                "local_ssd_recovery_timeout": [],
                "max_run_duration": [],
                "min_node_cpus": 0,
                "node_affinities": [],
                "on_host_maintenance": "MIGRATE",
                "on_instance_stop_action": [],
                "preemptible": false,
                "provisioning_model": "STANDARD"
              }
            ],
            "scratch_disk": [],
            "self_link": "https://www.googleapis.com/compute/v1/projects/nifty-inn-432723-g9/zones/us-central1-a/instances/swarm-node-0",
            "service_account": [
              {
                "email": "552704724947-compute@developer.gserviceaccount.com",
                "scopes": [
                  "https://www.googleapis.com/auth/cloud-platform"
                ]
              }
            ],
            "shielded_instance_config": [
              {
                "enable_integrity_monitoring": true,
                "enable_secure_boot": false,
                "enable_vtpm": true
              }
            ],
            "tags": [
              "swarm-node"
            ],
            "tags_fingerprint": "BQglHgx_M10=",
            "terraform_labels": {
              "goog-terraform-provisioned": "true"
            },
            "timeouts": null,
            "zone": "us-central1-a"
          },
          "sensitive_attributes": [
            [
              {
                "type": "get_attr",
                "value": "boot_disk"
              },
              {
                "type": "index",
                "value": {
                  "value": 0,
                  "type": "number"
                }
              },
              {
                "type": "get_attr",
                "value": "disk_encryption_key_raw"
              }
            ]
          ],
          "private": "eyJlMmJmYjczMC1lY2FhLTExZTYtOGY4OC0zNDM2M2JjN2M0YzAiOnsiY3JlYXRlIjoxMjAwMDAwMDAwMDAwLCJkZWxldGUiOjEyMDAwMDAwMDAwMDAsInVwZGF0ZSI6MTIwMDAwMDAwMDAwMH0sInNjaGVtYV92ZXJzaW9uIjoiNiJ9"
        },
        {
          "index_key": 1,
          "schema_version": 6,
          "attributes": {
            "advanced_machine_features": [],
            "allow_stopping_for_update": null,
            "attached_disk": [],
            "boot_disk": [
              {
                "auto_delete": true,
                "device_name": "persistent-disk-0",
                "disk_encryption_key_raw": "",
                "disk_encryption_key_sha256": "",
                "initialize_params": [
                  {
                    "enable_confidential_compute": false,
                    "image": "https://www.googleapis.com/compute/v1/projects/ubuntu-os-cloud/global/images/ubuntu-2204-jammy-v20240904",
                    "labels": {},
                    "provisioned_iops": 0,
                    "provisioned_throughput": 0,
                    "resource_manager_tags": null,
                    "resource_policies": null,
                    "size": 10,
                    "storage_pool": "",
                    "type": "pd-standard"
                  }
                ],
                "interface": "",
                "kms_key_self_link": "",
                "mode": "READ_WRITE",
                "source": "https://www.googleapis.com/compute/v1/projects/nifty-inn-432723-g9/zones/us-central1-a/disks/swarm-node-1"
              }
            ],
            "can_ip_forward": false,
            "confidential_instance_config": [],
            "cpu_platform": "AMD Rome",
            "current_status": "RUNNING",
            "deletion_protection": false,
            "description": "",
            "desired_status": null,
            "effective_labels": {
              "goog-terraform-provisioned": "true"
            },
            "enable_display": false,
            "guest_accelerator": [],
            "hostname": "",
            "id": "projects/552704724947/zones/us-central1-a/instances/swarm-node-1",
            "instance_id": "502387339932692806",
            "label_fingerprint": "vezUS-42LLM=",
            "labels": null,
            "machine_type": "e2-standard-2",
            "metadata": {
              "ssh-keys": "ansible:ssh-rsa AAAAB3NzaC1yc2EAAAADAQABAAABgQD5J4hFS0dtzpzloqFKm8J/ORqKt95uvmgeyfX7h/jp93WCmGEus+M2vSxspfhyD/ac5arn/6ccHBroNGPoFKMlV4k4K9CEaqmyno2zf076c0UfEUYz72+dudCUd8tyGDHLlAqBAVvNPfHEBBG/ahMGnv501zX+WtjQ+o4hwwhUj+PpMZwBYJmwQNokVZk/0I/2Gq1pT+6i9UBCg87BME/m5gzJpOW1pmAMpqi1te2nE34oHL7Wrwb3jF0dZtnWgD2D7kxONnWRaNZ5iOeEXlcHEkHFme33dfvdhZbcp4ZhGRAkU9zHq/pjsoXanrnDIf5cLaDi5SbU3A3LpLdIeAnfELPNUf2kmhwD4bkC6GW5jlvdTbvhX5GARLAcRyAJdPieVVldnBSWw5l33XCoOd4RFMAXRvYGbMgvucaM+3i6Pu69C5H7Tmuo90C0UWNhAn82I0ShMBAPvmKS/bNgWjS7cluuxHwPqpfm8i2NGHceMmdX5EuBH9jPFTWAuU12X4c= marjangoisan@gmail.com\n"
            },
            "metadata_fingerprint": "h8fsD09AAsE=",
            "metadata_startup_script": null,
            "min_cpu_platform": "",
            "name": "swarm-node-1",
            "network_interface": [
              {
                "access_config": [
                  {
                    "nat_ip": "34.41.88.174",
                    "network_tier": "PREMIUM",
                    "public_ptr_domain_name": ""
                  }
                ],
                "alias_ip_range": [],
                "internal_ipv6_prefix_length": 0,
                "ipv6_access_config": [],
                "ipv6_access_type": "",
                "ipv6_address": "",
                "name": "nic0",
                "network": "https://www.googleapis.com/compute/v1/projects/nifty-inn-432723-g9/global/networks/default",
                "network_ip": "10.128.15.215",
                "nic_type": "",
                "queue_count": 0,
                "stack_type": "IPV4_ONLY",
                "subnetwork": "https://www.googleapis.com/compute/v1/projects/nifty-inn-432723-g9/regions/us-central1/subnetworks/default",
                "subnetwork_project": "nifty-inn-432723-g9"
              }
            ],
            "network_performance_config": [],
            "params": [],
            "project": "552704724947",
            "reservation_affinity": [],
            "resource_policies": null,
            "scheduling": [
              {
                "automatic_restart": true,
                "instance_termination_action": "",
                "local_ssd_recovery_timeout": [],
                "max_run_duration": [],
                "min_node_cpus": 0,
                "node_affinities": [],
                "on_host_maintenance": "MIGRATE",
                "on_instance_stop_action": [],
                "preemptible": false,
                "provisioning_model": "STANDARD"
              }
            ],
            "scratch_disk": [],
            "self_link": "https://www.googleapis.com/compute/v1/projects/nifty-inn-432723-g9/zones/us-central1-a/instances/swarm-node-1",
            "service_account": [
              {
                "email": "552704724947-compute@developer.gserviceaccount.com",
                "scopes": [
                  "https://www.googleapis.com/auth/cloud-platform"
                ]
              }
            ],
            "shielded_instance_config": [
              {
                "enable_integrity_monitoring": true,
                "enable_secure_boot": false,
                "enable_vtpm": true
              }
            ],
            "tags": [
              "swarm-node"
            ],
            "tags_fingerprint": "BQglHgx_M10=",
            "terraform_labels": {
              "goog-terraform-provisioned": "true"
            },
            "timeouts": null,
            "zone": "us-central1-a"
          },
          "sensitive_attributes": [
            [
              {
                "type": "get_attr",
                "value": "boot_disk"
              },
              {
                "type": "index",
                "value": {
                  "value": 0,
                  "type": "number"
                }
              },
              {
                "type": "get_attr",
                "value": "disk_encryption_key_raw"
              }
            ]
          ],
          "private": "eyJlMmJmYjczMC1lY2FhLTExZTYtOGY4OC0zNDM2M2JjN2M0YzAiOnsiY3JlYXRlIjoxMjAwMDAwMDAwMDAwLCJkZWxldGUiOjEyMDAwMDAwMDAwMDAsInVwZGF0ZSI6MTIwMDAwMDAwMDAwMH0sInNjaGVtYV92ZXJzaW9uIjoiNiJ9"
        },
        {
          "index_key": 2,
          "schema_version": 6,
          "attributes": {
            "advanced_machine_features": [],
            "allow_stopping_for_update": null,
            "attached_disk": [],
            "boot_disk": [
              {
                "auto_delete": true,
                "device_name": "persistent-disk-0",
                "disk_encryption_key_raw": "",
                "disk_encryption_key_sha256": "",
                "initialize_params": [
                  {
                    "enable_confidential_compute": false,
                    "image": "https://www.googleapis.com/compute/v1/projects/ubuntu-os-cloud/global/images/ubuntu-2204-jammy-v20240904",
                    "labels": {},
                    "provisioned_iops": 0,
                    "provisioned_throughput": 0,
                    "resource_manager_tags": null,
                    "resource_policies": null,
                    "size": 10,
                    "storage_pool": "",
                    "type": "pd-standard"
                  }
                ],
                "interface": "",
                "kms_key_self_link": "",
                "mode": "READ_WRITE",
                "source": "https://www.googleapis.com/compute/v1/projects/nifty-inn-432723-g9/zones/us-central1-a/disks/swarm-node-2"
              }
            ],
            "can_ip_forward": false,
            "confidential_instance_config": [],
            "cpu_platform": "AMD Rome",
            "current_status": "RUNNING",
            "deletion_protection": false,
            "description": "",
            "desired_status": null,
            "effective_labels": {
              "goog-terraform-provisioned": "true"
            },
            "enable_display": false,
            "guest_accelerator": [],
            "hostname": "",
            "id": "projects/552704724947/zones/us-central1-a/instances/swarm-node-2",
            "instance_id": "3339874586594865477",
            "label_fingerprint": "vezUS-42LLM=",
            "labels": null,
            "machine_type": "e2-standard-2",
            "metadata": {
              "ssh-keys": "ansible:ssh-rsa AAAAB3NzaC1yc2EAAAADAQABAAABgQD5J4hFS0dtzpzloqFKm8J/ORqKt95uvmgeyfX7h/jp93WCmGEus+M2vSxspfhyD/ac5arn/6ccHBroNGPoFKMlV4k4K9CEaqmyno2zf076c0UfEUYz72+dudCUd8tyGDHLlAqBAVvNPfHEBBG/ahMGnv501zX+WtjQ+o4hwwhUj+PpMZwBYJmwQNokVZk/0I/2Gq1pT+6i9UBCg87BME/m5gzJpOW1pmAMpqi1te2nE34oHL7Wrwb3jF0dZtnWgD2D7kxONnWRaNZ5iOeEXlcHEkHFme33dfvdhZbcp4ZhGRAkU9zHq/pjsoXanrnDIf5cLaDi5SbU3A3LpLdIeAnfELPNUf2kmhwD4bkC6GW5jlvdTbvhX5GARLAcRyAJdPieVVldnBSWw5l33XCoOd4RFMAXRvYGbMgvucaM+3i6Pu69C5H7Tmuo90C0UWNhAn82I0ShMBAPvmKS/bNgWjS7cluuxHwPqpfm8i2NGHceMmdX5EuBH9jPFTWAuU12X4c= marjangoisan@gmail.com\n"
            },
            "metadata_fingerprint": "h8fsD09AAsE=",
            "metadata_startup_script": null,
            "min_cpu_platform": "",
            "name": "swarm-node-2",
            "network_interface": [
              {
                "access_config": [
                  {
                    "nat_ip": "34.133.151.186",
                    "network_tier": "PREMIUM",
                    "public_ptr_domain_name": ""
                  }
                ],
                "alias_ip_range": [],
                "internal_ipv6_prefix_length": 0,
                "ipv6_access_config": [],
                "ipv6_access_type": "",
                "ipv6_address": "",
                "name": "nic0",
                "network": "https://www.googleapis.com/compute/v1/projects/nifty-inn-432723-g9/global/networks/default",
                "network_ip": "10.128.15.216",
                "nic_type": "",
                "queue_count": 0,
                "stack_type": "IPV4_ONLY",
                "subnetwork": "https://www.googleapis.com/compute/v1/projects/nifty-inn-432723-g9/regions/us-central1/subnetworks/default",
                "subnetwork_project": "nifty-inn-432723-g9"
              }
            ],
            "network_performance_config": [],
            "params": [],
            "project": "552704724947",
            "reservation_affinity": [],
            "resource_policies": null,
            "scheduling": [
              {
                "automatic_restart": true,
                "instance_termination_action": "",
                "local_ssd_recovery_timeout": [],
                "max_run_duration": [],
                "min_node_cpus": 0,
                "node_affinities": [],
                "on_host_maintenance": "MIGRATE",
                "on_instance_stop_action": [],
                "preemptible": false,
                "provisioning_model": "STANDARD"
              }
            ],
            "scratch_disk": [],
            "self_link": "https://www.googleapis.com/compute/v1/projects/nifty-inn-432723-g9/zones/us-central1-a/instances/swarm-node-2",
            "service_account": [
              {
                "email": "552704724947-compute@developer.gserviceaccount.com",
                "scopes": [
                  "https://www.googleapis.com/auth/cloud-platform"
                ]
              }
            ],
            "shielded_instance_config": [
              {
                "enable_integrity_monitoring": true,
                "enable_secure_boot": false,
                "enable_vtpm": true
              }
            ],
            "tags": [
              "swarm-node"
            ],
            "tags_fingerprint": "BQglHgx_M10=",
            "terraform_labels": {
              "goog-terraform-provisioned": "true"
            },
            "timeouts": null,
            "zone": "us-central1-a"
          },
          "sensitive_attributes": [
            [
              {
                "type": "get_attr",
                "value": "boot_disk"
              },
              {
                "type": "index",
                "value": {
                  "value": 0,
                  "type": "number"
                }
              },
              {
                "type": "get_attr",
                "value": "disk_encryption_key_raw"
              }
            ]
          ],
          "private": "eyJlMmJmYjczMC1lY2FhLTExZTYtOGY4OC0zNDM2M2JjN2M0YzAiOnsiY3JlYXRlIjoxMjAwMDAwMDAwMDAwLCJkZWxldGUiOjEyMDAwMDAwMDAwMDAsInVwZGF0ZSI6MTIwMDAwMDAwMDAwMH0sInNjaGVtYV92ZXJzaW9uIjoiNiJ9"
        }
      ]
    },
    {
      "mode": "managed",
      "type": "google_service_account",
      "name": "app_instance",
      "provider": "provider[\"registry.terraform.io/hashicorp/google\"]",
      "instances": [
        {
          "schema_version": 0,
          "attributes": {
            "account_id": "swarm-service-account",
            "create_ignore_already_exists": null,
            "description": "",
            "disabled": false,
            "display_name": "Service Account for Swarm",
            "email": "swarm-service-account@552704724947.iam.gserviceaccount.com",
            "id": "projects/nifty-inn-432723-g9/serviceAccounts/swarm-service-account@552704724947.iam.gserviceaccount.com",
            "member": "serviceAccount:swarm-service-account@552704724947.iam.gserviceaccount.com",
            "name": "projects/nifty-inn-432723-g9/serviceAccounts/swarm-service-account@552704724947.iam.gserviceaccount.com",
            "project": "nifty-inn-432723-g9",
            "timeouts": null,
            "unique_id": "117625528513685856009"
          },
          "sensitive_attributes": [],
          "private": "eyJlMmJmYjczMC1lY2FhLTExZTYtOGY4OC0zNDM2M2JjN2M0YzAiOnsiY3JlYXRlIjozMDAwMDAwMDAwMDB9fQ=="
        }
      ]
    }
  ],
  "check_results": null
}
